
Microsoft Visual Studio Solution File, Format Version 12.00
# Visual Studio Version 17
VisualStudioVersion = 17.7.34003.232
MinimumVisualStudioVersion = 10.0.40219.1
Project("{2150E333-8FDC-42A3-9474-1A3956D46DE8}") = "Solution Items", "Solution Items", "{08FBE0AB-4208-4B15-813C-04EB997A444C}"
	ProjectSection(SolutionItems) = preProject
		.gitattributes = .gitattributes
		.gitignore = .gitignore
		LICENSE.txt = LICENSE.txt
		README.md = README.md
	EndProjectSection
EndProject
Project("{8BC9CEB8-8B4A-11D0-8D11-00A0C91BC942}") = "542. 01 Matrix", "542. 01 Matrix\542. 01 Matrix.vcxproj", "{B3D90088-5745-4A58-9325-442E72B4AB93}"
EndProject
Global
	GlobalSection(SolutionConfigurationPlatforms) = preSolution
		Debug|x64 = Debug|x64
		Debug|x86 = Debug|x86
		Release|x64 = Release|x64
		Release|x86 = Release|x86
	EndGlobalSection
	GlobalSection(ProjectConfigurationPlatforms) = postSolution
		{B3D90088-5745-4A58-9325-442E72B4AB93}.Debug|x64.ActiveCfg = Debug|x64
		{B3D90088-5745-4A58-9325-442E72B4AB93}.Debug|x64.Build.0 = Debug|x64
		{B3D90088-5745-4A58-9325-442E72B4AB93}.Debug|x86.ActiveCfg = Debug|Win32
		{B3D90088-5745-4A58-9325-442E72B4AB93}.Debug|x86.Build.0 = Debug|Win32
		{B3D90088-5745-4A58-9325-442E72B4AB93}.Release|x64.ActiveCfg = Release|x64
		{B3D90088-5745-4A58-9325-442E72B4AB93}.Release|x64.Build.0 = Release|x64
		{B3D90088-5745-4A58-9325-442E72B4AB93}.Release|x86.ActiveCfg = Release|Win32
		{B3D90088-5745-4A58-9325-442E72B4AB93}.Release|x86.Build.0 = Release|Win32
	EndGlobalSection
	GlobalSection(SolutionProperties) = preSolution
		HideSolutionNode = FALSE
	EndGlobalSection
	GlobalSection(ExtensibilityGlobals) = postSolution
		SolutionGuid = {CB39DC97-8855-479D-8CF7-A94D6A24ADC3}
	EndGlobalSection
EndGlobal
